
Microsoft Visual Studio Solution File, Format Version 12.00
# Visual Studio 2012
Project("{FAE04EC0-301F-11D3-BF4B-00C04F79EFBC}") = "TsuroTheSecond", "TsuroTheSecond\TsuroTheSecond.csproj", "{6E26FAC0-D57F-472B-A9BB-D3B1731C0800}"
EndProject
Project("{FAE04EC0-301F-11D3-BF4B-00C04F79EFBC}") = "TsuroTheSecondTests", "TsuroTheSecondTests\TsuroTheSecondTests.csproj", "{6A08FF9D-915E-4ABE-B4BA-F8B94B259B1A}"
EndProject
Project("{2150E333-8FDC-42A3-9474-1A3956D46DE8}") = "Solution Items", "Solution Items", "{844AEE26-7CE9-4D7E-A371-B9A087121E36}"
	ProjectSection(SolutionItems) = preProject
		TsuroTheSecond.sln = TsuroTheSecond.sln
	EndProjectSection
EndProject
Global
	GlobalSection(SolutionConfigurationPlatforms) = preSolution
		Debug|Any CPU = Debug|Any CPU
		Release|Any CPU = Release|Any CPU
	EndGlobalSection
	GlobalSection(ProjectConfigurationPlatforms) = postSolution
		{6E26FAC0-D57F-472B-A9BB-D3B1731C0800}.Debug|Any CPU.ActiveCfg = Debug|Any CPU
		{6E26FAC0-D57F-472B-A9BB-D3B1731C0800}.Debug|Any CPU.Build.0 = Debug|Any CPU
		{6E26FAC0-D57F-472B-A9BB-D3B1731C0800}.Release|Any CPU.ActiveCfg = Release|Any CPU
		{6E26FAC0-D57F-472B-A9BB-D3B1731C0800}.Release|Any CPU.Build.0 = Release|Any CPU
		{6A08FF9D-915E-4ABE-B4BA-F8B94B259B1A}.Debug|Any CPU.ActiveCfg = Debug|Any CPU
		{6A08FF9D-915E-4ABE-B4BA-F8B94B259B1A}.Debug|Any CPU.Build.0 = Debug|Any CPU
		{6A08FF9D-915E-4ABE-B4BA-F8B94B259B1A}.Release|Any CPU.ActiveCfg = Release|Any CPU
		{6A08FF9D-915E-4ABE-B4BA-F8B94B259B1A}.Release|Any CPU.Build.0 = Release|Any CPU
	EndGlobalSection
EndGlobal
